
Microsoft Visual Studio Solution File, Format Version 12.00
# Visual Studio Version 17
VisualStudioVersion = 17.0.31903.59
MinimumVisualStudioVersion = 10.0.40219.1
Project("{2150E333-8FDC-42A3-9474-1A3956D46DE8}") = "src", "src", "{5C799715-904A-4897-B0B0-E7FAE87E91DF}"
EndProject
Project("{F2A71F9B-5D33-465A-A702-920D77279786}") = "Amazon.Basket.WebApi", "src\Amazon.Basket.WebApi\Amazon.Basket.WebApi.fsproj", "{5DE957B0-BB76-40D2-B35C-4D6F5FF5E658}"
EndProject
Global
	GlobalSection(SolutionConfigurationPlatforms) = preSolution
		Debug|Any CPU = Debug|Any CPU
		Release|Any CPU = Release|Any CPU
	EndGlobalSection
	GlobalSection(SolutionProperties) = preSolution
		HideSolutionNode = FALSE
	EndGlobalSection
	GlobalSection(ProjectConfigurationPlatforms) = postSolution
		{5DE957B0-BB76-40D2-B35C-4D6F5FF5E658}.Debug|Any CPU.ActiveCfg = Debug|Any CPU
		{5DE957B0-BB76-40D2-B35C-4D6F5FF5E658}.Debug|Any CPU.Build.0 = Debug|Any CPU
		{5DE957B0-BB76-40D2-B35C-4D6F5FF5E658}.Release|Any CPU.ActiveCfg = Release|Any CPU
		{5DE957B0-BB76-40D2-B35C-4D6F5FF5E658}.Release|Any CPU.Build.0 = Release|Any CPU
	EndGlobalSection
	GlobalSection(NestedProjects) = preSolution
		{5DE957B0-BB76-40D2-B35C-4D6F5FF5E658} = {5C799715-904A-4897-B0B0-E7FAE87E91DF}
	EndGlobalSection
EndGlobal
